
Microsoft Visual Studio Solution File, Format Version 12.00
# Visual Studio Version 17
VisualStudioVersion = 17.6.33815.320
MinimumVisualStudioVersion = 10.0.40219.1
Project("{FAE04EC0-301F-11D3-BF4B-00C04F79EFBC}") = "Infor_Soft_WPF", "Infor_Soft_WPF.csproj", "{BF6C9024-0BDB-4A90-94C8-C4BCC1718AFE}"
EndProject
Global
	GlobalSection(SolutionConfigurationPlatforms) = preSolution
		Debug|Any CPU = Debug|Any CPU
		Release|Any CPU = Release|Any CPU
	EndGlobalSection
	GlobalSection(ProjectConfigurationPlatforms) = postSolution
		{BF6C9024-0BDB-4A90-94C8-C4BCC1718AFE}.Debug|Any CPU.ActiveCfg = Debug|Any CPU
		{BF6C9024-0BDB-4A90-94C8-C4BCC1718AFE}.Debug|Any CPU.Build.0 = Debug|Any CPU
		{BF6C9024-0BDB-4A90-94C8-C4BCC1718AFE}.Release|Any CPU.ActiveCfg = Release|Any CPU
		{BF6C9024-0BDB-4A90-94C8-C4BCC1718AFE}.Release|Any CPU.Build.0 = Release|Any CPU
	EndGlobalSection
	GlobalSection(SolutionProperties) = preSolution
		HideSolutionNode = FALSE
	EndGlobalSection
	GlobalSection(ExtensibilityGlobals) = postSolution
		SolutionGuid = {F7F39A80-0150-4B2E-971C-01A4D14D7330}
	EndGlobalSection
EndGlobal
